
Microsoft Visual Studio Solution File, Format Version 12.00
# Visual Studio Version 17
VisualStudioVersion = 17.7.34031.279
MinimumVisualStudioVersion = 10.0.40219.1
Project("{FAE04EC0-301F-11D3-BF4B-00C04F79EFBC}") = "exerciciosSequenciais", "exerciciosSequenciais.csproj", "{64337BCE-4922-43FC-A8FE-610CB748C0D4}"
EndProject
Global
	GlobalSection(SolutionConfigurationPlatforms) = preSolution
		Debug|Any CPU = Debug|Any CPU
		Release|Any CPU = Release|Any CPU
	EndGlobalSection
	GlobalSection(ProjectConfigurationPlatforms) = postSolution
		{64337BCE-4922-43FC-A8FE-610CB748C0D4}.Debug|Any CPU.ActiveCfg = Debug|Any CPU
		{64337BCE-4922-43FC-A8FE-610CB748C0D4}.Debug|Any CPU.Build.0 = Debug|Any CPU
		{64337BCE-4922-43FC-A8FE-610CB748C0D4}.Release|Any CPU.ActiveCfg = Release|Any CPU
		{64337BCE-4922-43FC-A8FE-610CB748C0D4}.Release|Any CPU.Build.0 = Release|Any CPU
	EndGlobalSection
	GlobalSection(SolutionProperties) = preSolution
		HideSolutionNode = FALSE
	EndGlobalSection
	GlobalSection(ExtensibilityGlobals) = postSolution
		SolutionGuid = {6E959D69-E013-40D9-9DCB-25E95F05FCE7}
	EndGlobalSection
EndGlobal
