
Microsoft Visual Studio Solution File, Format Version 12.00
# Visual Studio Version 17
VisualStudioVersion = 17.7.34031.279
MinimumVisualStudioVersion = 10.0.40219.1
Project("{FAE04EC0-301F-11D3-BF4B-00C04F79EFBC}") = "exerciciosSelecao", "exerciciosSelecao.csproj", "{38B35A28-4A40-42EF-8F95-D7FC11744224}"
EndProject
Global
	GlobalSection(SolutionConfigurationPlatforms) = preSolution
		Debug|Any CPU = Debug|Any CPU
		Release|Any CPU = Release|Any CPU
	EndGlobalSection
	GlobalSection(ProjectConfigurationPlatforms) = postSolution
		{38B35A28-4A40-42EF-8F95-D7FC11744224}.Debug|Any CPU.ActiveCfg = Debug|Any CPU
		{38B35A28-4A40-42EF-8F95-D7FC11744224}.Debug|Any CPU.Build.0 = Debug|Any CPU
		{38B35A28-4A40-42EF-8F95-D7FC11744224}.Release|Any CPU.ActiveCfg = Release|Any CPU
		{38B35A28-4A40-42EF-8F95-D7FC11744224}.Release|Any CPU.Build.0 = Release|Any CPU
	EndGlobalSection
	GlobalSection(SolutionProperties) = preSolution
		HideSolutionNode = FALSE
	EndGlobalSection
	GlobalSection(ExtensibilityGlobals) = postSolution
		SolutionGuid = {735B4193-6662-479A-A1FF-97D7C7076369}
	EndGlobalSection
EndGlobal
